// !$*UTF8*$!
{
	archiveVersion = 1;
	classes = {
	};
	objectVersion = 56;
	objects = {

/* Begin PBXFileReference section */
		9E0D728F290C6B58003CED5D /* customerregister.html */ = {isa = PBXFileReference; lastKnownFileType = text.html; path = customerregister.html; sourceTree = "<group>"; };
		9E0D7291290C6E57003CED5D /* home.html */ = {isa = PBXFileReference; lastKnownFileType = text.html; path = home.html; sourceTree = "<group>"; };
		9E0D7292290C7D52003CED5D /* style.css */ = {isa = PBXFileReference; lastKnownFileType = text.css; path = style.css; sourceTree = "<group>"; };
		9E0D7294290C8A4E003CED5D /* teamregister.html */ = {isa = PBXFileReference; lastKnownFileType = text.html; path = teamregister.html; sourceTree = "<group>"; };
		9E5AE0392910885200891DD1 /* forgotpassword.html */ = {isa = PBXFileReference; lastKnownFileType = text.html; path = forgotpassword.html; sourceTree = "<group>"; };
		9EC67B53290CB5FF00047A3B /* teamsign.html */ = {isa = PBXFileReference; lastKnownFileType = text.html; path = teamsign.html; sourceTree = "<group>"; };
		9EC67B54290CB61A00047A3B /* customersign.html */ = {isa = PBXFileReference; lastKnownFileType = text.html; path = customersign.html; sourceTree = "<group>"; };
		9EC67B55290CBB3300047A3B /* register.html */ = {isa = PBXFileReference; lastKnownFileType = text.html; path = register.html; sourceTree = "<group>"; };
/* End PBXFileReference section */

/* Begin PBXGroup section */
		9E0D7288290C6AB7003CED5D = {
			isa = PBXGroup;
			children = (
				9E0D7291290C6E57003CED5D /* home.html */,
				9EC67B55290CBB3300047A3B /* register.html */,
				9EC67B53290CB5FF00047A3B /* teamsign.html */,
				9E0D7294290C8A4E003CED5D /* teamregister.html */,
				9EC67B54290CB61A00047A3B /* customersign.html */,
				9E0D728F290C6B58003CED5D /* customerregister.html */,
				9E5AE0392910885200891DD1 /* forgotpassword.html */,
				9E0D7292290C7D52003CED5D /* style.css */,
			);
			sourceTree = "<group>";
		};
/* End PBXGroup section */

/* Begin PBXProject section */
		9E0D7289290C6AB7003CED5D /* Project object */ = {
			isa = PBXProject;
			attributes = {
				BuildIndependentTargetsInParallel = 1;
				LastUpgradeCheck = 1400;
			};
			buildConfigurationList = 9E0D728C290C6AB7003CED5D /* Build configuration list for PBXProject "cs308_proje" */;
			compatibilityVersion = "Xcode 14.0";
			developmentRegion = en;
			hasScannedForEncodings = 0;
			knownRegions = (
				en,
				Base,
			);
			mainGroup = 9E0D7288290C6AB7003CED5D;
			projectDirPath = "";
			projectRoot = "";
			targets = (
			);
		};
/* End PBXProject section */

/* Begin XCBuildConfiguration section */
		9E0D728D290C6AB7003CED5D /* Debug */ = {
			isa = XCBuildConfiguration;
			buildSettings = {
			};
			name = Debug;
		};
		9E0D728E290C6AB7003CED5D /* Release */ = {
			isa = XCBuildConfiguration;
			buildSettings = {
			};
			name = Release;
		};
/* End XCBuildConfiguration section */

/* Begin XCConfigurationList section */
		9E0D728C290C6AB7003CED5D /* Build configuration list for PBXProject "cs308_proje" */ = {
			isa = XCConfigurationList;
			buildConfigurations = (
				9E0D728D290C6AB7003CED5D /* Debug */,
				9E0D728E290C6AB7003CED5D /* Release */,
			);
			defaultConfigurationIsVisible = 0;
			defaultConfigurationName = Release;
		};
/* End XCConfigurationList section */
	};
	rootObject = 9E0D7289290C6AB7003CED5D /* Project object */;
}
